// !$*UTF8*$!
{
	archiveVersion = 1;
	classes = {
	};
	objectVersion = 50;
	objects = {

/* Begin PBXBuildFile section */
		5A2C537522CAAF50009E2CDE /* AppDelegate.swift in Sources */ = {isa = PBXBuildFile; fileRef = 5A2C537422CAAF50009E2CDE /* AppDelegate.swift */; };
		5A2C537722CAAF50009E2CDE /* ViewController.swift in Sources */ = {isa = PBXBuildFile; fileRef = 5A2C537622CAAF50009E2CDE /* ViewController.swift */; };
		5A2C537922CAAF52009E2CDE /* Assets.xcassets in Resources */ = {isa = PBXBuildFile; fileRef = 5A2C537822CAAF52009E2CDE /* Assets.xcassets */; };
		5A2C537C22CAAF52009E2CDE /* Main.storyboard in Resources */ = {isa = PBXBuildFile; fileRef = 5A2C537A22CAAF52009E2CDE /* Main.storyboard */; };
		5A2C538822CAAF52009E2CDE /* Resistivity_MeasurerTests.swift in Sources */ = {isa = PBXBuildFile; fileRef = 5A2C538722CAAF52009E2CDE /* Resistivity_MeasurerTests.swift */; };
		5A2C539322CAAF52009E2CDE /* Resistivity_MeasurerUITests.swift in Sources */ = {isa = PBXBuildFile; fileRef = 5A2C539222CAAF52009E2CDE /* Resistivity_MeasurerUITests.swift */; };
/* End PBXBuildFile section */

/* Begin PBXContainerItemProxy section */
		5A2C538422CAAF52009E2CDE /* PBXContainerItemProxy */ = {
			isa = PBXContainerItemProxy;
			containerPortal = 5A2C536922CAAF50009E2CDE /* Project object */;
			proxyType = 1;
			remoteGlobalIDString = 5A2C537022CAAF50009E2CDE;
			remoteInfo = "Resistivity Measurer";
		};
		5A2C538F22CAAF52009E2CDE /* PBXContainerItemProxy */ = {
			isa = PBXContainerItemProxy;
			containerPortal = 5A2C536922CAAF50009E2CDE /* Project object */;
			proxyType = 1;
			remoteGlobalIDString = 5A2C537022CAAF50009E2CDE;
			remoteInfo = "Resistivity Measurer";
		};
/* End PBXContainerItemProxy section */

/* Begin PBXFileReference section */
		5A2C537122CAAF50009E2CDE /* Resistivity Measurer.app */ = {isa = PBXFileReference; explicitFileType = wrapper.application; includeInIndex = 0; path = "Resistivity Measurer.app"; sourceTree = BUILT_PRODUCTS_DIR; };
		5A2C537422CAAF50009E2CDE /* AppDelegate.swift */ = {isa = PBXFileReference; lastKnownFileType = sourcecode.swift; path = AppDelegate.swift; sourceTree = "<group>"; };
		5A2C537622CAAF50009E2CDE /* ViewController.swift */ = {isa = PBXFileReference; lastKnownFileType = sourcecode.swift; path = ViewController.swift; sourceTree = "<group>"; };
		5A2C537822CAAF52009E2CDE /* Assets.xcassets */ = {isa = PBXFileReference; lastKnownFileType = folder.assetcatalog; path = Assets.xcassets; sourceTree = "<group>"; };
		5A2C537B22CAAF52009E2CDE /* Base */ = {isa = PBXFileReference; lastKnownFileType = file.storyboard; name = Base; path = Base.lproj/Main.storyboard; sourceTree = "<group>"; };
		5A2C537D22CAAF52009E2CDE /* Info.plist */ = {isa = PBXFileReference; lastKnownFileType = text.plist.xml; path = Info.plist; sourceTree = "<group>"; };
		5A2C537E22CAAF52009E2CDE /* Resistivity_Measurer.entitlements */ = {isa = PBXFileReference; lastKnownFileType = text.plist.entitlements; path = Resistivity_Measurer.entitlements; sourceTree = "<group>"; };
		5A2C538322CAAF52009E2CDE /* Resistivity MeasurerTests.xctest */ = {isa = PBXFileReference; explicitFileType = wrapper.cfbundle; includeInIndex = 0; path = "Resistivity MeasurerTests.xctest"; sourceTree = BUILT_PRODUCTS_DIR; };
		5A2C538722CAAF52009E2CDE /* Resistivity_MeasurerTests.swift */ = {isa = PBXFileReference; lastKnownFileType = sourcecode.swift; path = Resistivity_MeasurerTests.swift; sourceTree = "<group>"; };
		5A2C538922CAAF52009E2CDE /* Info.plist */ = {isa = PBXFileReference; lastKnownFileType = text.plist.xml; path = Info.plist; sourceTree = "<group>"; };
		5A2C538E22CAAF52009E2CDE /* Resistivity MeasurerUITests.xctest */ = {isa = PBXFileReference; explicitFileType = wrapper.cfbundle; includeInIndex = 0; path = "Resistivity MeasurerUITests.xctest"; sourceTree = BUILT_PRODUCTS_DIR; };
		5A2C539222CAAF52009E2CDE /* Resistivity_MeasurerUITests.swift */ = {isa = PBXFileReference; lastKnownFileType = sourcecode.swift; path = Resistivity_MeasurerUITests.swift; sourceTree = "<group>"; };
		5A2C539422CAAF52009E2CDE /* Info.plist */ = {isa = PBXFileReference; lastKnownFileType = text.plist.xml; path = Info.plist; sourceTree = "<group>"; };
/* End PBXFileReference section */

/* Begin PBXFrameworksBuildPhase section */
		5A2C536E22CAAF50009E2CDE /* Frameworks */ = {
			isa = PBXFrameworksBuildPhase;
			buildActionMask = 2147483647;
			files = (
			);
			runOnlyForDeploymentPostprocessing = 0;
		};
		5A2C538022CAAF52009E2CDE /* Frameworks */ = {
			isa = PBXFrameworksBuildPhase;
			buildActionMask = 2147483647;
			files = (
			);
			runOnlyForDeploymentPostprocessing = 0;
		};
		5A2C538B22CAAF52009E2CDE /* Frameworks */ = {
			isa = PBXFrameworksBuildPhase;
			buildActionMask = 2147483647;
			files = (
			);
			runOnlyForDeploymentPostprocessing = 0;
		};
/* End PBXFrameworksBuildPhase section */

/* Begin PBXGroup section */
		5A2C536822CAAF50009E2CDE = {
			isa = PBXGroup;
			children = (
				5A2C537322CAAF50009E2CDE /* Resistivity Measurer */,
				5A2C538622CAAF52009E2CDE /* Resistivity MeasurerTests */,
				5A2C539122CAAF52009E2CDE /* Resistivity MeasurerUITests */,
				5A2C537222CAAF50009E2CDE /* Products */,
			);
			sourceTree = "<group>";
		};
		5A2C537222CAAF50009E2CDE /* Products */ = {
			isa = PBXGroup;
			children = (
				5A2C537122CAAF50009E2CDE /* Resistivity Measurer.app */,
				5A2C538322CAAF52009E2CDE /* Resistivity MeasurerTests.xctest */,
				5A2C538E22CAAF52009E2CDE /* Resistivity MeasurerUITests.xctest */,
			);
			name = Products;
			sourceTree = "<group>";
		};
		5A2C537322CAAF50009E2CDE /* Resistivity Measurer */ = {
			isa = PBXGroup;
			children = (
				5A2C537422CAAF50009E2CDE /* AppDelegate.swift */,
				5A2C537622CAAF50009E2CDE /* ViewController.swift */,
				5A2C537822CAAF52009E2CDE /* Assets.xcassets */,
				5A2C537A22CAAF52009E2CDE /* Main.storyboard */,
				5A2C537D22CAAF52009E2CDE /* Info.plist */,
				5A2C537E22CAAF52009E2CDE /* Resistivity_Measurer.entitlements */,
			);
			path = "Resistivity Measurer";
			sourceTree = "<group>";
		};
		5A2C538622CAAF52009E2CDE /* Resistivity MeasurerTests */ = {
			isa = PBXGroup;
			children = (
				5A2C538722CAAF52009E2CDE /* Resistivity_MeasurerTests.swift */,
				5A2C538922CAAF52009E2CDE /* Info.plist */,
			);
			path = "Resistivity MeasurerTests";
			sourceTree = "<group>";
		};
		5A2C539122CAAF52009E2CDE /* Resistivity MeasurerUITests */ = {
			isa = PBXGroup;
			children = (
				5A2C539222CAAF52009E2CDE /* Resistivity_MeasurerUITests.swift */,
				5A2C539422CAAF52009E2CDE /* Info.plist */,
			);
			path = "Resistivity MeasurerUITests";
			sourceTree = "<group>";
		};
/* End PBXGroup section */

/* Begin PBXNativeTarget section */
		5A2C537022CAAF50009E2CDE /* Resistivity Measurer */ = {
			isa = PBXNativeTarget;
			buildConfigurationList = 5A2C539722CAAF52009E2CDE /* Build configuration list for PBXNativeTarget "Resistivity Measurer" */;
			buildPhases = (
				5A2C536D22CAAF50009E2CDE /* Sources */,
				5A2C536E22CAAF50009E2CDE /* Frameworks */,
				5A2C536F22CAAF50009E2CDE /* Resources */,
			);
			buildRules = (
			);
			dependencies = (
			);
			name = "Resistivity Measurer";
			productName = "Resistivity Measurer";
			productReference = 5A2C537122CAAF50009E2CDE /* Resistivity Measurer.app */;
			productType = "com.apple.product-type.application";
		};
		5A2C538222CAAF52009E2CDE /* Resistivity MeasurerTests */ = {
			isa = PBXNativeTarget;
			buildConfigurationList = 5A2C539A22CAAF52009E2CDE /* Build configuration list for PBXNativeTarget "Resistivity MeasurerTests" */;
			buildPhases = (
				5A2C537F22CAAF52009E2CDE /* Sources */,
				5A2C538022CAAF52009E2CDE /* Frameworks */,
				5A2C538122CAAF52009E2CDE /* Resources */,
			);
			buildRules = (
			);
			dependencies = (
				5A2C538522CAAF52009E2CDE /* PBXTargetDependency */,
			);
			name = "Resistivity MeasurerTests";
			productName = "Resistivity MeasurerTests";
			productReference = 5A2C538322CAAF52009E2CDE /* Resistivity MeasurerTests.xctest */;
			productType = "com.apple.product-type.bundle.unit-test";
		};
		5A2C538D22CAAF52009E2CDE /* Resistivity MeasurerUITests */ = {
			isa = PBXNativeTarget;
			buildConfigurationList = 5A2C539D22CAAF52009E2CDE /* Build configuration list for PBXNativeTarget "Resistivity MeasurerUITests" */;
			buildPhases = (
				5A2C538A22CAAF52009E2CDE /* Sources */,
				5A2C538B22CAAF52009E2CDE /* Frameworks */,
				5A2C538C22CAAF52009E2CDE /* Resources */,
			);
			buildRules = (
			);
			dependencies = (
				5A2C539022CAAF52009E2CDE /* PBXTargetDependency */,
			);
			name = "Resistivity MeasurerUITests";
			productName = "Resistivity MeasurerUITests";
			productReference = 5A2C538E22CAAF52009E2CDE /* Resistivity MeasurerUITests.xctest */;
			productType = "com.apple.product-type.bundle.ui-testing";
		};
/* End PBXNativeTarget section */

/* Begin PBXProject section */
		5A2C536922CAAF50009E2CDE /* Project object */ = {
			isa = PBXProject;
			attributes = {
				LastSwiftUpdateCheck = 1020;
				LastUpgradeCheck = 1020;
				ORGANIZATIONNAME = "Connor Barnes";
				TargetAttributes = {
					5A2C537022CAAF50009E2CDE = {
						CreatedOnToolsVersion = 10.2.1;
					};
					5A2C538222CAAF52009E2CDE = {
						CreatedOnToolsVersion = 10.2.1;
						TestTargetID = 5A2C537022CAAF50009E2CDE;
					};
					5A2C538D22CAAF52009E2CDE = {
						CreatedOnToolsVersion = 10.2.1;
						TestTargetID = 5A2C537022CAAF50009E2CDE;
					};
				};
			};
			buildConfigurationList = 5A2C536C22CAAF50009E2CDE /* Build configuration list for PBXProject "Resistivity Measurer" */;
			compatibilityVersion = "Xcode 9.3";
			developmentRegion = en;
			hasScannedForEncodings = 0;
			knownRegions = (
				en,
				Base,
			);
			mainGroup = 5A2C536822CAAF50009E2CDE;
			productRefGroup = 5A2C537222CAAF50009E2CDE /* Products */;
			projectDirPath = "";
			projectRoot = "";
			targets = (
				5A2C537022CAAF50009E2CDE /* Resistivity Measurer */,
				5A2C538222CAAF52009E2CDE /* Resistivity MeasurerTests */,
				5A2C538D22CAAF52009E2CDE /* Resistivity MeasurerUITests */,
			);
		};
/* End PBXProject section */

/* Begin PBXResourcesBuildPhase section */
		5A2C536F22CAAF50009E2CDE /* Resources */ = {
			isa = PBXResourcesBuildPhase;
			buildActionMask = 2147483647;
			files = (
				5A2C537922CAAF52009E2CDE /* Assets.xcassets in Resources */,
				5A2C537C22CAAF52009E2CDE /* Main.storyboard in Resources */,
			);
			runOnlyForDeploymentPostprocessing = 0;
		};
		5A2C538122CAAF52009E2CDE /* Resources */ = {
			isa = PBXResourcesBuildPhase;
			buildActionMask = 2147483647;
			files = (
			);
			runOnlyForDeploymentPostprocessing = 0;
		};
		5A2C538C22CAAF52009E2CDE /* Resources */ = {
			isa = PBXResourcesBuildPhase;
			buildActionMask = 2147483647;
			files = (
			);
			runOnlyForDeploymentPostprocessing = 0;
		};
/* End PBXResourcesBuildPhase section */

/* Begin PBXSourcesBuildPhase section */
		5A2C536D22CAAF50009E2CDE /* Sources */ = {
			isa = PBXSourcesBuildPhase;
			buildActionMask = 2147483647;
			files = (
				5A2C537722CAAF50009E2CDE /* ViewController.swift in Sources */,
				5A2C537522CAAF50009E2CDE /* AppDelegate.swift in Sources */,
			);
			runOnlyForDeploymentPostprocessing = 0;
		};
		5A2C537F22CAAF52009E2CDE /* Sources */ = {
			isa = PBXSourcesBuildPhase;
			buildActionMask = 2147483647;
			files = (
				5A2C538822CAAF52009E2CDE /* Resistivity_MeasurerTests.swift in Sources */,
			);
			runOnlyForDeploymentPostprocessing = 0;
		};
		5A2C538A22CAAF52009E2CDE /* Sources */ = {
			isa = PBXSourcesBuildPhase;
			buildActionMask = 2147483647;
			files = (
				5A2C539322CAAF52009E2CDE /* Resistivity_MeasurerUITests.swift in Sources */,
			);
			runOnlyForDeploymentPostprocessing = 0;
		};
/* End PBXSourcesBuildPhase section */

/* Begin PBXTargetDependency section */
		5A2C538522CAAF52009E2CDE /* PBXTargetDependency */ = {
			isa = PBXTargetDependency;
			target = 5A2C537022CAAF50009E2CDE /* Resistivity Measurer */;
			targetProxy = 5A2C538422CAAF52009E2CDE /* PBXContainerItemProxy */;
		};
		5A2C539022CAAF52009E2CDE /* PBXTargetDependency */ = {
			isa = PBXTargetDependency;
			target = 5A2C537022CAAF50009E2CDE /* Resistivity Measurer */;
			targetProxy = 5A2C538F22CAAF52009E2CDE /* PBXContainerItemProxy */;
		};
/* End PBXTargetDependency section */

/* Begin PBXVariantGroup section */
		5A2C537A22CAAF52009E2CDE /* Main.storyboard */ = {
			isa = PBXVariantGroup;
			children = (
				5A2C537B22CAAF52009E2CDE /* Base */,
			);
			name = Main.storyboard;
			sourceTree = "<group>";
		};
/* End PBXVariantGroup section */

/* Begin XCBuildConfiguration section */
		5A2C539522CAAF52009E2CDE /* Debug */ = {
			isa = XCBuildConfiguration;
			buildSettings = {
				ALWAYS_SEARCH_USER_PATHS = NO;
				CLANG_ANALYZER_NONNULL = YES;
				CLANG_ANALYZER_NUMBER_OBJECT_CONVERSION = YES_AGGRESSIVE;
				CLANG_CXX_LANGUAGE_STANDARD = "gnu++14";
				CLANG_CXX_LIBRARY = "libc++";
				CLANG_ENABLE_MODULES = YES;
				CLANG_ENABLE_OBJC_ARC = YES;
				CLANG_ENABLE_OBJC_WEAK = YES;
				CLANG_WARN_BLOCK_CAPTURE_AUTORELEASING = YES;
				CLANG_WARN_BOOL_CONVERSION = YES;
				CLANG_WARN_COMMA = YES;
				CLANG_WARN_CONSTANT_CONVERSION = YES;
				CLANG_WARN_DEPRECATED_OBJC_IMPLEMENTATIONS = YES;
				CLANG_WARN_DIRECT_OBJC_ISA_USAGE = YES_ERROR;
				CLANG_WARN_DOCUMENTATION_COMMENTS = YES;
				CLANG_WARN_EMPTY_BODY = YES;
				CLANG_WARN_ENUM_CONVERSION = YES;
				CLANG_WARN_INFINITE_RECURSION = YES;
				CLANG_WARN_INT_CONVERSION = YES;
				CLANG_WARN_NON_LITERAL_NULL_CONVERSION = YES;
				CLANG_WARN_OBJC_IMPLICIT_RETAIN_SELF = YES;
				CLANG_WARN_OBJC_LITERAL_CONVERSION = YES;
				CLANG_WARN_OBJC_ROOT_CLASS = YES_ERROR;
				CLANG_WARN_RANGE_LOOP_ANALYSIS = YES;
				CLANG_WARN_STRICT_PROTOTYPES = YES;
				CLANG_WARN_SUSPICIOUS_MOVE = YES;
				CLANG_WARN_UNGUARDED_AVAILABILITY = YES_AGGRESSIVE;
				CLANG_WARN_UNREACHABLE_CODE = YES;
				CLANG_WARN__DUPLICATE_METHOD_MATCH = YES;
				CODE_SIGN_IDENTITY = "Mac Developer";
				COPY_PHASE_STRIP = NO;
				DEBUG_INFORMATION_FORMAT = dwarf;
				ENABLE_STRICT_OBJC_MSGSEND = YES;
				ENABLE_TESTABILITY = YES;
				GCC_C_LANGUAGE_STANDARD = gnu11;
				GCC_DYNAMIC_NO_PIC = NO;
				GCC_NO_COMMON_BLOCKS = YES;
				GCC_OPTIMIZATION_LEVEL = 0;
				GCC_PREPROCESSOR_DEFINITIONS = (
					"DEBUG=1",
					"$(inherited)",
				);
				GCC_WARN_64_TO_32_BIT_CONVERSION = YES;
				GCC_WARN_ABOUT_RETURN_TYPE = YES_ERROR;
				GCC_WARN_UNDECLARED_SELECTOR = YES;
				GCC_WARN_UNINITIALIZED_AUTOS = YES_AGGRESSIVE;
				GCC_WARN_UNUSED_FUNCTION = YES;
				GCC_WARN_UNUSED_VARIABLE = YES;
				MACOSX_DEPLOYMENT_TARGET = 10.14;
				MTL_ENABLE_DEBUG_INFO = INCLUDE_SOURCE;
				MTL_FAST_MATH = YES;
				ONLY_ACTIVE_ARCH = YES;
				SDKROOT = macosx;
				SWIFT_ACTIVE_COMPILATION_CONDITIONS = DEBUG;
				SWIFT_OPTIMIZATION_LEVEL = "-Onone";
			};
			name = Debug;
		};
		5A2C539622CAAF52009E2CDE /* Release */ = {
			isa = XCBuildConfiguration;
			buildSettings = {
				ALWAYS_SEARCH_USER_PATHS = NO;
				CLANG_ANALYZER_NONNULL = YES;
				CLANG_ANALYZER_NUMBER_OBJECT_CONVERSION = YES_AGGRESSIVE;
				CLANG_CXX_LANGUAGE_STANDARD = "gnu++14";
				CLANG_CXX_LIBRARY = "libc++";
				CLANG_ENABLE_MODULES = YES;
				CLANG_ENABLE_OBJC_ARC = YES;
				CLANG_ENABLE_OBJC_WEAK = YES;
				CLANG_WARN_BLOCK_CAPTURE_AUTORELEASING = YES;
				CLANG_WARN_BOOL_CONVERSION = YES;
				CLANG_WARN_COMMA = YES;
				CLANG_WARN_CONSTANT_CONVERSION = YES;
				CLANG_WARN_DEPRECATED_OBJC_IMPLEMENTATIONS = YES;
				CLANG_WARN_DIRECT_OBJC_ISA_USAGE = YES_ERROR;
				CLANG_WARN_DOCUMENTATION_COMMENTS = YES;
				CLANG_WARN_EMPTY_BODY = YES;
				CLANG_WARN_ENUM_CONVERSION = YES;
				CLANG_WARN_INFINITE_RECURSION = YES;
				CLANG_WARN_INT_CONVERSION = YES;
				CLANG_WARN_NON_LITERAL_NULL_CONVERSION = YES;
				CLANG_WARN_OBJC_IMPLICIT_RETAIN_SELF = YES;
				CLANG_WARN_OBJC_LITERAL_CONVERSION = YES;
				CLANG_WARN_OBJC_ROOT_CLASS = YES_ERROR;
				CLANG_WARN_RANGE_LOOP_ANALYSIS = YES;
				CLANG_WARN_STRICT_PROTOTYPES = YES;
				CLANG_WARN_SUSPICIOUS_MOVE = YES;
				CLANG_WARN_UNGUARDED_AVAILABILITY = YES_AGGRESSIVE;
				CLANG_WARN_UNREACHABLE_CODE = YES;
				CLANG_WARN__DUPLICATE_METHOD_MATCH = YES;
				CODE_SIGN_IDENTITY = "Mac Developer";
				COPY_PHASE_STRIP = NO;
				DEBUG_INFORMATION_FORMAT = "dwarf-with-dsym";
				ENABLE_NS_ASSERTIONS = NO;
				ENABLE_STRICT_OBJC_MSGSEND = YES;
				GCC_C_LANGUAGE_STANDARD = gnu11;
				GCC_NO_COMMON_BLOCKS = YES;
				GCC_WARN_64_TO_32_BIT_CONVERSION = YES;
				GCC_WARN_ABOUT_RETURN_TYPE = YES_ERROR;
				GCC_WARN_UNDECLARED_SELECTOR = YES;
				GCC_WARN_UNINITIALIZED_AUTOS = YES_AGGRESSIVE;
				GCC_WARN_UNUSED_FUNCTION = YES;
				GCC_WARN_UNUSED_VARIABLE = YES;
				MACOSX_DEPLOYMENT_TARGET = 10.14;
				MTL_ENABLE_DEBUG_INFO = NO;
				MTL_FAST_MATH = YES;
				SDKROOT = macosx;
				SWIFT_COMPILATION_MODE = wholemodule;
				SWIFT_OPTIMIZATION_LEVEL = "-O";
			};
			name = Release;
		};
		5A2C539822CAAF52009E2CDE /* Debug */ = {
			isa = XCBuildConfiguration;
			buildSettings = {
				ASSETCATALOG_COMPILER_APPICON_NAME = AppIcon;
				CODE_SIGN_ENTITLEMENTS = "Resistivity Measurer/Resistivity_Measurer.entitlements";
				CODE_SIGN_STYLE = Automatic;
				COMBINE_HIDPI_IMAGES = YES;
				DEVELOPMENT_TEAM = 3ER597LK99;
				INFOPLIST_FILE = "Resistivity Measurer/Info.plist";
				LD_RUNPATH_SEARCH_PATHS = (
					"$(inherited)",
					"@executable_path/../Frameworks",
				);
				PRODUCT_BUNDLE_IDENTIFIER = "connorbarnes.Resistivity-Measurer";
				PRODUCT_NAME = "$(TARGET_NAME)";
				SWIFT_VERSION = 5.0;
			};
			name = Debug;
		};
		5A2C539922CAAF52009E2CDE /* Release */ = {
			isa = XCBuildConfiguration;
			buildSettings = {
				ASSETCATALOG_COMPILER_APPICON_NAME = AppIcon;
				CODE_SIGN_ENTITLEMENTS = "Resistivity Measurer/Resistivity_Measurer.entitlements";
				CODE_SIGN_STYLE = Automatic;
				COMBINE_HIDPI_IMAGES = YES;
				DEVELOPMENT_TEAM = 3ER597LK99;
				INFOPLIST_FILE = "Resistivity Measurer/Info.plist";
				LD_RUNPATH_SEARCH_PATHS = (
					"$(inherited)",
					"@executable_path/../Frameworks",
				);
				PRODUCT_BUNDLE_IDENTIFIER = "connorbarnes.Resistivity-Measurer";
				PRODUCT_NAME = "$(TARGET_NAME)";
				SWIFT_VERSION = 5.0;
			};
			name = Release;
		};
		5A2C539B22CAAF52009E2CDE /* Debug */ = {
			isa = XCBuildConfiguration;
			buildSettings = {
				ALWAYS_EMBED_SWIFT_STANDARD_LIBRARIES = YES;
				BUNDLE_LOADER = "$(TEST_HOST)";
				CODE_SIGN_STYLE = Automatic;
				COMBINE_HIDPI_IMAGES = YES;
				DEVELOPMENT_TEAM = 3ER597LK99;
				INFOPLIST_FILE = "Resistivity MeasurerTests/Info.plist";
				LD_RUNPATH_SEARCH_PATHS = (
					"$(inherited)",
					"@executable_path/../Frameworks",
					"@loader_path/../Frameworks",
				);
				PRODUCT_BUNDLE_IDENTIFIER = "connorbarnes.Resistivity-MeasurerTests";
				PRODUCT_NAME = "$(TARGET_NAME)";
				SWIFT_VERSION = 5.0;
				TEST_HOST = "$(BUILT_PRODUCTS_DIR)/Resistivity Measurer.app/Contents/MacOS/Resistivity Measurer";
			};
			name = Debug;
		};
		5A2C539C22CAAF52009E2CDE /* Release */ = {
			isa = XCBuildConfiguration;
			buildSettings = {
				ALWAYS_EMBED_SWIFT_STANDARD_LIBRARIES = YES;
				BUNDLE_LOADER = "$(TEST_HOST)";
				CODE_SIGN_STYLE = Automatic;
				COMBINE_HIDPI_IMAGES = YES;
				DEVELOPMENT_TEAM = 3ER597LK99;
				INFOPLIST_FILE = "Resistivity MeasurerTests/Info.plist";
				LD_RUNPATH_SEARCH_PATHS = (
					"$(inherited)",
					"@executable_path/../Frameworks",
					"@loader_path/../Frameworks",
				);
				PRODUCT_BUNDLE_IDENTIFIER = "connorbarnes.Resistivity-MeasurerTests";
				PRODUCT_NAME = "$(TARGET_NAME)";
				SWIFT_VERSION = 5.0;
				TEST_HOST = "$(BUILT_PRODUCTS_DIR)/Resistivity Measurer.app/Contents/MacOS/Resistivity Measurer";
			};
			name = Release;
		};
		5A2C539E22CAAF52009E2CDE /* Debug */ = {
			isa = XCBuildConfiguration;
			buildSettings = {
				ALWAYS_EMBED_SWIFT_STANDARD_LIBRARIES = YES;
				CODE_SIGN_STYLE = Automatic;
				COMBINE_HIDPI_IMAGES = YES;
				DEVELOPMENT_TEAM = 3ER597LK99;
				INFOPLIST_FILE = "Resistivity MeasurerUITests/Info.plist";
				LD_RUNPATH_SEARCH_PATHS = (
					"$(inherited)",
					"@executable_path/../Frameworks",
					"@loader_path/../Frameworks",
				);
				PRODUCT_BUNDLE_IDENTIFIER = "connorbarnes.Resistivity-MeasurerUITests";
				PRODUCT_NAME = "$(TARGET_NAME)";
				SWIFT_VERSION = 5.0;
				TEST_TARGET_NAME = "Resistivity Measurer";
			};
			name = Debug;
		};
		5A2C539F22CAAF52009E2CDE /* Release */ = {
			isa = XCBuildConfiguration;
			buildSettings = {
				ALWAYS_EMBED_SWIFT_STANDARD_LIBRARIES = YES;
				CODE_SIGN_STYLE = Automatic;
				COMBINE_HIDPI_IMAGES = YES;
				DEVELOPMENT_TEAM = 3ER597LK99;
				INFOPLIST_FILE = "Resistivity MeasurerUITests/Info.plist";
				LD_RUNPATH_SEARCH_PATHS = (
					"$(inherited)",
					"@executable_path/../Frameworks",
					"@loader_path/../Frameworks",
				);
				PRODUCT_BUNDLE_IDENTIFIER = "connorbarnes.Resistivity-MeasurerUITests";
				PRODUCT_NAME = "$(TARGET_NAME)";
				SWIFT_VERSION = 5.0;
				TEST_TARGET_NAME = "Resistivity Measurer";
			};
			name = Release;
		};
/* End XCBuildConfiguration section */

/* Begin XCConfigurationList section */
		5A2C536C22CAAF50009E2CDE /* Build configuration list for PBXProject "Resistivity Measurer" */ = {
			isa = XCConfigurationList;
			buildConfigurations = (
				5A2C539522CAAF52009E2CDE /* Debug */,
				5A2C539622CAAF52009E2CDE /* Release */,
			);
			defaultConfigurationIsVisible = 0;
			defaultConfigurationName = Release;
		};
		5A2C539722CAAF52009E2CDE /* Build configuration list for PBXNativeTarget "Resistivity Measurer" */ = {
			isa = XCConfigurationList;
			buildConfigurations = (
				5A2C539822CAAF52009E2CDE /* Debug */,
				5A2C539922CAAF52009E2CDE /* Release */,
			);
			defaultConfigurationIsVisible = 0;
			defaultConfigurationName = Release;
		};
		5A2C539A22CAAF52009E2CDE /* Build configuration list for PBXNativeTarget "Resistivity MeasurerTests" */ = {
			isa = XCConfigurationList;
			buildConfigurations = (
				5A2C539B22CAAF52009E2CDE /* Debug */,
				5A2C539C22CAAF52009E2CDE /* Release */,
			);
			defaultConfigurationIsVisible = 0;
			defaultConfigurationName = Release;
		};
		5A2C539D22CAAF52009E2CDE /* Build configuration list for PBXNativeTarget "Resistivity MeasurerUITests" */ = {
			isa = XCConfigurationList;
			buildConfigurations = (
				5A2C539E22CAAF52009E2CDE /* Debug */,
				5A2C539F22CAAF52009E2CDE /* Release */,
			);
			defaultConfigurationIsVisible = 0;
			defaultConfigurationName = Release;
		};
/* End XCConfigurationList section */
	};
	rootObject = 5A2C536922CAAF50009E2CDE /* Project object */;
}
